
Microsoft Visual Studio Solution File, Format Version 12.00
# Visual Studio 15
VisualStudioVersion = 15.0.28307.271
MinimumVisualStudioVersion = 10.0.40219.1
Project("{FAE04EC0-301F-11D3-BF4B-00C04F79EFBC}") = "ConsoleApp14", "ConsoleApp14\ConsoleApp14.csproj", "{9AE72EAA-7C7C-4964-89F2-7A9D46D3D7AD}"
EndProject
Global
	GlobalSection(SolutionConfigurationPlatforms) = preSolution
		Debug|Any CPU = Debug|Any CPU
		Release|Any CPU = Release|Any CPU
	EndGlobalSection
	GlobalSection(ProjectConfigurationPlatforms) = postSolution
		{9AE72EAA-7C7C-4964-89F2-7A9D46D3D7AD}.Debug|Any CPU.ActiveCfg = Debug|Any CPU
		{9AE72EAA-7C7C-4964-89F2-7A9D46D3D7AD}.Debug|Any CPU.Build.0 = Debug|Any CPU
		{9AE72EAA-7C7C-4964-89F2-7A9D46D3D7AD}.Release|Any CPU.ActiveCfg = Release|Any CPU
		{9AE72EAA-7C7C-4964-89F2-7A9D46D3D7AD}.Release|Any CPU.Build.0 = Release|Any CPU
	EndGlobalSection
	GlobalSection(SolutionProperties) = preSolution
		HideSolutionNode = FALSE
	EndGlobalSection
	GlobalSection(ExtensibilityGlobals) = postSolution
		SolutionGuid = {92546F5C-82DA-426B-A856-85111EA59571}
	EndGlobalSection
EndGlobal
